github.com/gorilla/rpc v1.2.0 h1:WvvdC2lNeT1SP32zrIce5l0ECBfbAlmrmSBsuc57wfk=
github.com/gorilla/rpc v1.2.0/go.mod h1:V4h9r+4sF5HnzqbwIez0fKSpANP0zlYd3qR7p36jkTQ=
go.neonxp.dev/jsonrpc2 v1.2.0 h1:MSelMX2i3+NiY1SD/eeUgDANmom6vU3egm1gUlqvaKY=
go.neonxp.dev/jsonrpc2 v1.2.0/go.mod h1:xGiFcKIvOdoizfAnATCgJTyJRvLbQx9DDMd6w+7F2o0=
